{
  "name": "simple-blog",
  "version": "1.0.0",
  "lockfileVersion": 3,
  "requires": true,
  "packages": {
    "": {
      "name": "simple-blog",
      "version": "1.0.0",
      "dependencies": {},
      "devDependencies": {
        "jest": "^29.0.0"
      }
    },
    "node_modules/jest": {
      "version": "29.0.0",
      "resolved": "https://registry.npmjs.org/jest/-/jest-29.0.0.tgz",
      "integrity": "sha512-test-integrity-hash"
    }
  }
}